// !$*UTF8*$!
{
	archiveVersion = 1;
	classes = {
	};
	objectVersion = 46;
	objects = {

/* Begin PBXBuildFile section */
		1B9C00F01BD5302800515932 /* AppDelegate.swift in Sources */ = {isa = PBXBuildFile; fileRef = 1B9C00EF1BD5302800515932 /* AppDelegate.swift */; };
		1B9C00F21BD5302800515932 /* ViewController.swift in Sources */ = {isa = PBXBuildFile; fileRef = 1B9C00F11BD5302800515932 /* ViewController.swift */; };
		1B9C00F51BD5302800515932 /* Main.storyboard in Resources */ = {isa = PBXBuildFile; fileRef = 1B9C00F31BD5302800515932 /* Main.storyboard */; };
		1B9C00F71BD5302800515932 /* Assets.xcassets in Resources */ = {isa = PBXBuildFile; fileRef = 1B9C00F61BD5302800515932 /* Assets.xcassets */; };
		1B9C00FA1BD5302800515932 /* LaunchScreen.storyboard in Resources */ = {isa = PBXBuildFile; fileRef = 1B9C00F81BD5302800515932 /* LaunchScreen.storyboard */; };
		1B9C01051BD5302800515932 /* Projet_MEnetTests.swift in Sources */ = {isa = PBXBuildFile; fileRef = 1B9C01041BD5302800515932 /* Projet_MEnetTests.swift */; };
		1B9C01101BD5302800515932 /* Projet_MEnetUITests.swift in Sources */ = {isa = PBXBuildFile; fileRef = 1B9C010F1BD5302800515932 /* Projet_MEnetUITests.swift */; };
		1B9C011E1BD530BC00515932 /* MyDrawingView.swift in Sources */ = {isa = PBXBuildFile; fileRef = 1B9C011D1BD530BC00515932 /* MyDrawingView.swift */; settings = {ASSET_TAGS = (); }; };
/* End PBXBuildFile section */

/* Begin PBXContainerItemProxy section */
		1B9C01011BD5302800515932 /* PBXContainerItemProxy */ = {
			isa = PBXContainerItemProxy;
			containerPortal = 1B9C00E41BD5302800515932 /* Project object */;
			proxyType = 1;
			remoteGlobalIDString = 1B9C00EB1BD5302800515932;
			remoteInfo = "Projet MEnet";
		};
		1B9C010C1BD5302800515932 /* PBXContainerItemProxy */ = {
			isa = PBXContainerItemProxy;
			containerPortal = 1B9C00E41BD5302800515932 /* Project object */;
			proxyType = 1;
			remoteGlobalIDString = 1B9C00EB1BD5302800515932;
			remoteInfo = "Projet MEnet";
		};
/* End PBXContainerItemProxy section */

/* Begin PBXFileReference section */
		1B9C00EC1BD5302800515932 /* Projet MEnet.app */ = {isa = PBXFileReference; explicitFileType = wrapper.application; includeInIndex = 0; path = "Projet MEnet.app"; sourceTree = BUILT_PRODUCTS_DIR; };
		1B9C00EF1BD5302800515932 /* AppDelegate.swift */ = {isa = PBXFileReference; lastKnownFileType = sourcecode.swift; path = AppDelegate.swift; sourceTree = "<group>"; };
		1B9C00F11BD5302800515932 /* ViewController.swift */ = {isa = PBXFileReference; lastKnownFileType = sourcecode.swift; path = ViewController.swift; sourceTree = "<group>"; };
		1B9C00F41BD5302800515932 /* Base */ = {isa = PBXFileReference; lastKnownFileType = file.storyboard; name = Base; path = Base.lproj/Main.storyboard; sourceTree = "<group>"; };
		1B9C00F61BD5302800515932 /* Assets.xcassets */ = {isa = PBXFileReference; lastKnownFileType = folder.assetcatalog; path = Assets.xcassets; sourceTree = "<group>"; };
		1B9C00F91BD5302800515932 /* Base */ = {isa = PBXFileReference; lastKnownFileType = file.storyboard; name = Base; path = Base.lproj/LaunchScreen.storyboard; sourceTree = "<group>"; };
		1B9C00FB1BD5302800515932 /* Info.plist */ = {isa = PBXFileReference; lastKnownFileType = text.plist.xml; path = Info.plist; sourceTree = "<group>"; };
		1B9C01001BD5302800515932 /* Projet MEnetTests.xctest */ = {isa = PBXFileReference; explicitFileType = wrapper.cfbundle; includeInIndex = 0; path = "Projet MEnetTests.xctest"; sourceTree = BUILT_PRODUCTS_DIR; };
		1B9C01041BD5302800515932 /* Projet_MEnetTests.swift */ = {isa = PBXFileReference; lastKnownFileType = sourcecode.swift; path = Projet_MEnetTests.swift; sourceTree = "<group>"; };
		1B9C01061BD5302800515932 /* Info.plist */ = {isa = PBXFileReference; lastKnownFileType = text.plist.xml; path = Info.plist; sourceTree = "<group>"; };
		1B9C010B1BD5302800515932 /* Projet MEnetUITests.xctest */ = {isa = PBXFileReference; explicitFileType = wrapper.cfbundle; includeInIndex = 0; path = "Projet MEnetUITests.xctest"; sourceTree = BUILT_PRODUCTS_DIR; };
		1B9C010F1BD5302800515932 /* Projet_MEnetUITests.swift */ = {isa = PBXFileReference; lastKnownFileType = sourcecode.swift; path = Projet_MEnetUITests.swift; sourceTree = "<group>"; };
		1B9C01111BD5302800515932 /* Info.plist */ = {isa = PBXFileReference; lastKnownFileType = text.plist.xml; path = Info.plist; sourceTree = "<group>"; };
		1B9C011D1BD530BC00515932 /* MyDrawingView.swift */ = {isa = PBXFileReference; fileEncoding = 4; lastKnownFileType = sourcecode.swift; path = MyDrawingView.swift; sourceTree = "<group>"; };
/* End PBXFileReference section */

/* Begin PBXFrameworksBuildPhase section */
		1B9C00E91BD5302800515932 /* Frameworks */ = {
			isa = PBXFrameworksBuildPhase;
			buildActionMask = 2147483647;
			files = (
			);
			runOnlyForDeploymentPostprocessing = 0;
		};
		1B9C00FD1BD5302800515932 /* Frameworks */ = {
			isa = PBXFrameworksBuildPhase;
			buildActionMask = 2147483647;
			files = (
			);
			runOnlyForDeploymentPostprocessing = 0;
		};
		1B9C01081BD5302800515932 /* Frameworks */ = {
			isa = PBXFrameworksBuildPhase;
			buildActionMask = 2147483647;
			files = (
			);
			runOnlyForDeploymentPostprocessing = 0;
		};
/* End PBXFrameworksBuildPhase section */

/* Begin PBXGroup section */
		1B9C00E31BD5302800515932 = {
			isa = PBXGroup;
			children = (
				1B9C00EE1BD5302800515932 /* Projet MEnet */,
				1B9C01031BD5302800515932 /* Projet MEnetTests */,
				1B9C010E1BD5302800515932 /* Projet MEnetUITests */,
				1B9C00ED1BD5302800515932 /* Products */,
			);
			sourceTree = "<group>";
		};
		1B9C00ED1BD5302800515932 /* Products */ = {
			isa = PBXGroup;
			children = (
				1B9C00EC1BD5302800515932 /* Projet MEnet.app */,
				1B9C01001BD5302800515932 /* Projet MEnetTests.xctest */,
				1B9C010B1BD5302800515932 /* Projet MEnetUITests.xctest */,
			);
			name = Products;
			sourceTree = "<group>";
		};
		1B9C00EE1BD5302800515932 /* Projet MEnet */ = {
			isa = PBXGroup;
			children = (
				1B9C00EF1BD5302800515932 /* AppDelegate.swift */,
				1B9C00F11BD5302800515932 /* ViewController.swift */,
				1B9C00F31BD5302800515932 /* Main.storyboard */,
				1B9C00F61BD5302800515932 /* Assets.xcassets */,
				1B9C00F81BD5302800515932 /* LaunchScreen.storyboard */,
				1B9C00FB1BD5302800515932 /* Info.plist */,
				1B9C011D1BD530BC00515932 /* MyDrawingView.swift */,
			);
			path = "Projet MEnet";
			sourceTree = "<group>";
		};
		1B9C01031BD5302800515932 /* Projet MEnetTests */ = {
			isa = PBXGroup;
			children = (
				1B9C01041BD5302800515932 /* Projet_MEnetTests.swift */,
				1B9C01061BD5302800515932 /* Info.plist */,
			);
			path = "Projet MEnetTests";
			sourceTree = "<group>";
		};
		1B9C010E1BD5302800515932 /* Projet MEnetUITests */ = {
			isa = PBXGroup;
			children = (
				1B9C010F1BD5302800515932 /* Projet_MEnetUITests.swift */,
				1B9C01111BD5302800515932 /* Info.plist */,
			);
			path = "Projet MEnetUITests";
			sourceTree = "<group>";
		};
/* End PBXGroup section */

/* Begin PBXNativeTarget section */
		1B9C00EB1BD5302800515932 /* Projet MEnet */ = {
			isa = PBXNativeTarget;
			buildConfigurationList = 1B9C01141BD5302800515932 /* Build configuration list for PBXNativeTarget "Projet MEnet" */;
			buildPhases = (
				1B9C00E81BD5302800515932 /* Sources */,
				1B9C00E91BD5302800515932 /* Frameworks */,
				1B9C00EA1BD5302800515932 /* Resources */,
			);
			buildRules = (
			);
			dependencies = (
			);
			name = "Projet MEnet";
			productName = "Projet MEnet";
			productReference = 1B9C00EC1BD5302800515932 /* Projet MEnet.app */;
			productType = "com.apple.product-type.application";
		};
		1B9C00FF1BD5302800515932 /* Projet MEnetTests */ = {
			isa = PBXNativeTarget;
			buildConfigurationList = 1B9C01171BD5302800515932 /* Build configuration list for PBXNativeTarget "Projet MEnetTests" */;
			buildPhases = (
				1B9C00FC1BD5302800515932 /* Sources */,
				1B9C00FD1BD5302800515932 /* Frameworks */,
				1B9C00FE1BD5302800515932 /* Resources */,
			);
			buildRules = (
			);
			dependencies = (
				1B9C01021BD5302800515932 /* PBXTargetDependency */,
			);
			name = "Projet MEnetTests";
			productName = "Projet MEnetTests";
			productReference = 1B9C01001BD5302800515932 /* Projet MEnetTests.xctest */;
			productType = "com.apple.product-type.bundle.unit-test";
		};
		1B9C010A1BD5302800515932 /* Projet MEnetUITests */ = {
			isa = PBXNativeTarget;
			buildConfigurationList = 1B9C011A1BD5302800515932 /* Build configuration list for PBXNativeTarget "Projet MEnetUITests" */;
			buildPhases = (
				1B9C01071BD5302800515932 /* Sources */,
				1B9C01081BD5302800515932 /* Frameworks */,
				1B9C01091BD5302800515932 /* Resources */,
			);
			buildRules = (
			);
			dependencies = (
				1B9C010D1BD5302800515932 /* PBXTargetDependency */,
			);
			name = "Projet MEnetUITests";
			productName = "Projet MEnetUITests";
			productReference = 1B9C010B1BD5302800515932 /* Projet MEnetUITests.xctest */;
			productType = "com.apple.product-type.bundle.ui-testing";
		};
/* End PBXNativeTarget section */

/* Begin PBXProject section */
		1B9C00E41BD5302800515932 /* Project object */ = {
			isa = PBXProject;
			attributes = {
				LastUpgradeCheck = 0700;
				ORGANIZATIONNAME = "Projet 3A";
				TargetAttributes = {
					1B9C00EB1BD5302800515932 = {
						CreatedOnToolsVersion = 7.0;
					};
					1B9C00FF1BD5302800515932 = {
						CreatedOnToolsVersion = 7.0;
						TestTargetID = 1B9C00EB1BD5302800515932;
					};
					1B9C010A1BD5302800515932 = {
						CreatedOnToolsVersion = 7.0;
						TestTargetID = 1B9C00EB1BD5302800515932;
					};
				};
			};
			buildConfigurationList = 1B9C00E71BD5302800515932 /* Build configuration list for PBXProject "Projet MEnet" */;
			compatibilityVersion = "Xcode 3.2";
			developmentRegion = English;
			hasScannedForEncodings = 0;
			knownRegions = (
				en,
				Base,
			);
			mainGroup = 1B9C00E31BD5302800515932;
			productRefGroup = 1B9C00ED1BD5302800515932 /* Products */;
			projectDirPath = "";
			projectRoot = "";
			targets = (
				1B9C00EB1BD5302800515932 /* Projet MEnet */,
				1B9C00FF1BD5302800515932 /* Projet MEnetTests */,
				1B9C010A1BD5302800515932 /* Projet MEnetUITests */,
			);
		};
/* End PBXProject section */

/* Begin PBXResourcesBuildPhase section */
		1B9C00EA1BD5302800515932 /* Resources */ = {
			isa = PBXResourcesBuildPhase;
			buildActionMask = 2147483647;
			files = (
				1B9C00FA1BD5302800515932 /* LaunchScreen.storyboard in Resources */,
				1B9C00F71BD5302800515932 /* Assets.xcassets in Resources */,
				1B9C00F51BD5302800515932 /* Main.storyboard in Resources */,
			);
			runOnlyForDeploymentPostprocessing = 0;
		};
		1B9C00FE1BD5302800515932 /* Resources */ = {
			isa = PBXResourcesBuildPhase;
			buildActionMask = 2147483647;
			files = (
			);
			runOnlyForDeploymentPostprocessing = 0;
		};
		1B9C01091BD5302800515932 /* Resources */ = {
			isa = PBXResourcesBuildPhase;
			buildActionMask = 2147483647;
			files = (
			);
			runOnlyForDeploymentPostprocessing = 0;
		};
/* End PBXResourcesBuildPhase section */

/* Begin PBXSourcesBuildPhase section */
		1B9C00E81BD5302800515932 /* Sources */ = {
			isa = PBXSourcesBuildPhase;
			buildActionMask = 2147483647;
			files = (
				1B9C00F21BD5302800515932 /* ViewController.swift in Sources */,
				1B9C011E1BD530BC00515932 /* MyDrawingView.swift in Sources */,
				1B9C00F01BD5302800515932 /* AppDelegate.swift in Sources */,
			);
			runOnlyForDeploymentPostprocessing = 0;
		};
		1B9C00FC1BD5302800515932 /* Sources */ = {
			isa = PBXSourcesBuildPhase;
			buildActionMask = 2147483647;
			files = (
				1B9C01051BD5302800515932 /* Projet_MEnetTests.swift in Sources */,
			);
			runOnlyForDeploymentPostprocessing = 0;
		};
		1B9C01071BD5302800515932 /* Sources */ = {
			isa = PBXSourcesBuildPhase;
			buildActionMask = 2147483647;
			files = (
				1B9C01101BD5302800515932 /* Projet_MEnetUITests.swift in Sources */,
			);
			runOnlyForDeploymentPostprocessing = 0;
		};
/* End PBXSourcesBuildPhase section */

/* Begin PBXTargetDependency section */
		1B9C01021BD5302800515932 /* PBXTargetDependency */ = {
			isa = PBXTargetDependency;
			target = 1B9C00EB1BD5302800515932 /* Projet MEnet */;
			targetProxy = 1B9C01011BD5302800515932 /* PBXContainerItemProxy */;
		};
		1B9C010D1BD5302800515932 /* PBXTargetDependency */ = {
			isa = PBXTargetDependency;
			target = 1B9C00EB1BD5302800515932 /* Projet MEnet */;
			targetProxy = 1B9C010C1BD5302800515932 /* PBXContainerItemProxy */;
		};
/* End PBXTargetDependency section */

/* Begin PBXVariantGroup section */
		1B9C00F31BD5302800515932 /* Main.storyboard */ = {
			isa = PBXVariantGroup;
			children = (
				1B9C00F41BD5302800515932 /* Base */,
			);
			name = Main.storyboard;
			sourceTree = "<group>";
		};
		1B9C00F81BD5302800515932 /* LaunchScreen.storyboard */ = {
			isa = PBXVariantGroup;
			children = (
				1B9C00F91BD5302800515932 /* Base */,
			);
			name = LaunchScreen.storyboard;
			sourceTree = "<group>";
		};
/* End PBXVariantGroup section */

/* Begin XCBuildConfiguration section */
		1B9C01121BD5302800515932 /* Debug */ = {
			isa = XCBuildConfiguration;
			buildSettings = {
				ALWAYS_SEARCH_USER_PATHS = NO;
				CLANG_CXX_LANGUAGE_STANDARD = "gnu++0x";
				CLANG_CXX_LIBRARY = "libc++";
				CLANG_ENABLE_MODULES = YES;
				CLANG_ENABLE_OBJC_ARC = YES;
				CLANG_WARN_BOOL_CONVERSION = YES;
				CLANG_WARN_CONSTANT_CONVERSION = YES;
				CLANG_WARN_DIRECT_OBJC_ISA_USAGE = YES_ERROR;
				CLANG_WARN_EMPTY_BODY = YES;
				CLANG_WARN_ENUM_CONVERSION = YES;
				CLANG_WARN_INT_CONVERSION = YES;
				CLANG_WARN_OBJC_ROOT_CLASS = YES_ERROR;
				CLANG_WARN_UNREACHABLE_CODE = YES;
				CLANG_WARN__DUPLICATE_METHOD_MATCH = YES;
				"CODE_SIGN_IDENTITY[sdk=iphoneos*]" = "iPhone Developer";
				COPY_PHASE_STRIP = NO;
				DEBUG_INFORMATION_FORMAT = dwarf;
				ENABLE_STRICT_OBJC_MSGSEND = YES;
				ENABLE_TESTABILITY = YES;
				GCC_C_LANGUAGE_STANDARD = gnu99;
				GCC_DYNAMIC_NO_PIC = NO;
				GCC_NO_COMMON_BLOCKS = YES;
				GCC_OPTIMIZATION_LEVEL = 0;
				GCC_PREPROCESSOR_DEFINITIONS = (
					"DEBUG=1",
					"$(inherited)",
				);
				GCC_WARN_64_TO_32_BIT_CONVERSION = YES;
				GCC_WARN_ABOUT_RETURN_TYPE = YES_ERROR;
				GCC_WARN_UNDECLARED_SELECTOR = YES;
				GCC_WARN_UNINITIALIZED_AUTOS = YES_AGGRESSIVE;
				GCC_WARN_UNUSED_FUNCTION = YES;
				GCC_WARN_UNUSED_VARIABLE = YES;
				IPHONEOS_DEPLOYMENT_TARGET = 9.0;
				MTL_ENABLE_DEBUG_INFO = YES;
				ONLY_ACTIVE_ARCH = YES;
				SDKROOT = iphoneos;
				SWIFT_OPTIMIZATION_LEVEL = "-Onone";
				TARGETED_DEVICE_FAMILY = "1,2";
			};
			name = Debug;
		};
		1B9C01131BD5302800515932 /* Release */ = {
			isa = XCBuildConfiguration;
			buildSettings = {
				ALWAYS_SEARCH_USER_PATHS = NO;
				CLANG_CXX_LANGUAGE_STANDARD = "gnu++0x";
				CLANG_CXX_LIBRARY = "libc++";
				CLANG_ENABLE_MODULES = YES;
				CLANG_ENABLE_OBJC_ARC = YES;
				CLANG_WARN_BOOL_CONVERSION = YES;
				CLANG_WARN_CONSTANT_CONVERSION = YES;
				CLANG_WARN_DIRECT_OBJC_ISA_USAGE = YES_ERROR;
				CLANG_WARN_EMPTY_BODY = YES;
				CLANG_WARN_ENUM_CONVERSION = YES;
				CLANG_WARN_INT_CONVERSION = YES;
				CLANG_WARN_OBJC_ROOT_CLASS = YES_ERROR;
				CLANG_WARN_UNREACHABLE_CODE = YES;
				CLANG_WARN__DUPLICATE_METHOD_MATCH = YES;
				"CODE_SIGN_IDENTITY[sdk=iphoneos*]" = "iPhone Developer";
				COPY_PHASE_STRIP = NO;
				DEBUG_INFORMATION_FORMAT = "dwarf-with-dsym";
				ENABLE_NS_ASSERTIONS = NO;
				ENABLE_STRICT_OBJC_MSGSEND = YES;
				GCC_C_LANGUAGE_STANDARD = gnu99;
				GCC_NO_COMMON_BLOCKS = YES;
				GCC_WARN_64_TO_32_BIT_CONVERSION = YES;
				GCC_WARN_ABOUT_RETURN_TYPE = YES_ERROR;
				GCC_WARN_UNDECLARED_SELECTOR = YES;
				GCC_WARN_UNINITIALIZED_AUTOS = YES_AGGRESSIVE;
				GCC_WARN_UNUSED_FUNCTION = YES;
				GCC_WARN_UNUSED_VARIABLE = YES;
				IPHONEOS_DEPLOYMENT_TARGET = 9.0;
				MTL_ENABLE_DEBUG_INFO = NO;
				SDKROOT = iphoneos;
				TARGETED_DEVICE_FAMILY = "1,2";
				VALIDATE_PRODUCT = YES;
			};
			name = Release;
		};
		1B9C01151BD5302800515932 /* Debug */ = {
			isa = XCBuildConfiguration;
			buildSettings = {
				ASSETCATALOG_COMPILER_APPICON_NAME = AppIcon;
				INFOPLIST_FILE = "Projet MEnet/Info.plist";
				LD_RUNPATH_SEARCH_PATHS = "$(inherited) @executable_path/Frameworks";
				PRODUCT_BUNDLE_IDENTIFIER = "Projet-3A.Projet-MEnet";
				PRODUCT_NAME = "$(TARGET_NAME)";
			};
			name = Debug;
		};
		1B9C01161BD5302800515932 /* Release */ = {
			isa = XCBuildConfiguration;
			buildSettings = {
				ASSETCATALOG_COMPILER_APPICON_NAME = AppIcon;
				INFOPLIST_FILE = "Projet MEnet/Info.plist";
				LD_RUNPATH_SEARCH_PATHS = "$(inherited) @executable_path/Frameworks";
				PRODUCT_BUNDLE_IDENTIFIER = "Projet-3A.Projet-MEnet";
				PRODUCT_NAME = "$(TARGET_NAME)";
			};
			name = Release;
		};
		1B9C01181BD5302800515932 /* Debug */ = {
			isa = XCBuildConfiguration;
			buildSettings = {
				BUNDLE_LOADER = "$(TEST_HOST)";
				INFOPLIST_FILE = "Projet MEnetTests/Info.plist";
				LD_RUNPATH_SEARCH_PATHS = "$(inherited) @executable_path/Frameworks @loader_path/Frameworks";
				PRODUCT_BUNDLE_IDENTIFIER = "Projet-3A.Projet-MEnetTests";
				PRODUCT_NAME = "$(TARGET_NAME)";
				TEST_HOST = "$(BUILT_PRODUCTS_DIR)/Projet MEnet.app/Projet MEnet";
			};
			name = Debug;
		};
		1B9C01191BD5302800515932 /* Release */ = {
			isa = XCBuildConfiguration;
			buildSettings = {
				BUNDLE_LOADER = "$(TEST_HOST)";
				INFOPLIST_FILE = "Projet MEnetTests/Info.plist";
				LD_RUNPATH_SEARCH_PATHS = "$(inherited) @executable_path/Frameworks @loader_path/Frameworks";
				PRODUCT_BUNDLE_IDENTIFIER = "Projet-3A.Projet-MEnetTests";
				PRODUCT_NAME = "$(TARGET_NAME)";
				TEST_HOST = "$(BUILT_PRODUCTS_DIR)/Projet MEnet.app/Projet MEnet";
			};
			name = Release;
		};
		1B9C011B1BD5302800515932 /* Debug */ = {
			isa = XCBuildConfiguration;
			buildSettings = {
				INFOPLIST_FILE = "Projet MEnetUITests/Info.plist";
				LD_RUNPATH_SEARCH_PATHS = "$(inherited) @executable_path/Frameworks @loader_path/Frameworks";
				PRODUCT_BUNDLE_IDENTIFIER = "Projet-3A.Projet-MEnetUITests";
				PRODUCT_NAME = "$(TARGET_NAME)";
				TEST_TARGET_NAME = "Projet MEnet";
				USES_XCTRUNNER = YES;
			};
			name = Debug;
		};
		1B9C011C1BD5302800515932 /* Release */ = {
			isa = XCBuildConfiguration;
			buildSettings = {
				INFOPLIST_FILE = "Projet MEnetUITests/Info.plist";
				LD_RUNPATH_SEARCH_PATHS = "$(inherited) @executable_path/Frameworks @loader_path/Frameworks";
				PRODUCT_BUNDLE_IDENTIFIER = "Projet-3A.Projet-MEnetUITests";
				PRODUCT_NAME = "$(TARGET_NAME)";
				TEST_TARGET_NAME = "Projet MEnet";
				USES_XCTRUNNER = YES;
			};
			name = Release;
		};
/* End XCBuildConfiguration section */

/* Begin XCConfigurationList section */
		1B9C00E71BD5302800515932 /* Build configuration list for PBXProject "Projet MEnet" */ = {
			isa = XCConfigurationList;
			buildConfigurations = (
				1B9C01121BD5302800515932 /* Debug */,
				1B9C01131BD5302800515932 /* Release */,
			);
			defaultConfigurationIsVisible = 0;
			defaultConfigurationName = Release;
		};
		1B9C01141BD5302800515932 /* Build configuration list for PBXNativeTarget "Projet MEnet" */ = {
			isa = XCConfigurationList;
			buildConfigurations = (
				1B9C01151BD5302800515932 /* Debug */,
				1B9C01161BD5302800515932 /* Release */,
			);
			defaultConfigurationIsVisible = 0;
		};
		1B9C01171BD5302800515932 /* Build configuration list for PBXNativeTarget "Projet MEnetTests" */ = {
			isa = XCConfigurationList;
			buildConfigurations = (
				1B9C01181BD5302800515932 /* Debug */,
				1B9C01191BD5302800515932 /* Release */,
			);
			defaultConfigurationIsVisible = 0;
		};
		1B9C011A1BD5302800515932 /* Build configuration list for PBXNativeTarget "Projet MEnetUITests" */ = {
			isa = XCConfigurationList;
			buildConfigurations = (
				1B9C011B1BD5302800515932 /* Debug */,
				1B9C011C1BD5302800515932 /* Release */,
			);
			defaultConfigurationIsVisible = 0;
		};
/* End XCConfigurationList section */
	};
	rootObject = 1B9C00E41BD5302800515932 /* Project object */;
}
